
Microsoft Visual Studio Solution File, Format Version 12.00
# Visual Studio Version 17
VisualStudioVersion = 17.9.34714.143
MinimumVisualStudioVersion = 10.0.40219.1
Project("{9A19103F-16F7-4668-BE54-9A1E7A4F7556}") = "Oid85.FinMarket.DowloadDaily", "Oid85.FinMarket.DowloadDaily\Oid85.FinMarket.DowloadDaily.csproj", "{E3625229-6ABF-4C19-99FF-41C4D739D1C6}"
EndProject
Project("{9A19103F-16F7-4668-BE54-9A1E7A4F7556}") = "Oid85.FinMarket.Common", "Oid85.FinMarket.Common\Oid85.FinMarket.Common.csproj", "{6A620F27-17BF-468E-B651-EBE94A510665}"
EndProject
Project("{9A19103F-16F7-4668-BE54-9A1E7A4F7556}") = "Oid85.FinMarket.Domain", "Oid85.FinMarket.Domain\Oid85.FinMarket.Domain.csproj", "{5DBA7171-5E83-4774-8B2A-AFD444AEBAF9}"
EndProject
Project("{FAE04EC0-301F-11D3-BF4B-00C04F79EFBC}") = "Oid85.FinMarket.External", "Oid85.FinMarket.External\Oid85.FinMarket.External.csproj", "{B52A80CC-F1F6-41B1-B358-AEE87D508C37}"
EndProject
Global
	GlobalSection(SolutionConfigurationPlatforms) = preSolution
		Debug|Any CPU = Debug|Any CPU
		Release|Any CPU = Release|Any CPU
	EndGlobalSection
	GlobalSection(ProjectConfigurationPlatforms) = postSolution
		{E3625229-6ABF-4C19-99FF-41C4D739D1C6}.Debug|Any CPU.ActiveCfg = Debug|Any CPU
		{E3625229-6ABF-4C19-99FF-41C4D739D1C6}.Debug|Any CPU.Build.0 = Debug|Any CPU
		{E3625229-6ABF-4C19-99FF-41C4D739D1C6}.Release|Any CPU.ActiveCfg = Release|Any CPU
		{E3625229-6ABF-4C19-99FF-41C4D739D1C6}.Release|Any CPU.Build.0 = Release|Any CPU
		{6A620F27-17BF-468E-B651-EBE94A510665}.Debug|Any CPU.ActiveCfg = Debug|Any CPU
		{6A620F27-17BF-468E-B651-EBE94A510665}.Debug|Any CPU.Build.0 = Debug|Any CPU
		{6A620F27-17BF-468E-B651-EBE94A510665}.Release|Any CPU.ActiveCfg = Release|Any CPU
		{6A620F27-17BF-468E-B651-EBE94A510665}.Release|Any CPU.Build.0 = Release|Any CPU
		{5DBA7171-5E83-4774-8B2A-AFD444AEBAF9}.Debug|Any CPU.ActiveCfg = Debug|Any CPU
		{5DBA7171-5E83-4774-8B2A-AFD444AEBAF9}.Debug|Any CPU.Build.0 = Debug|Any CPU
		{5DBA7171-5E83-4774-8B2A-AFD444AEBAF9}.Release|Any CPU.ActiveCfg = Release|Any CPU
		{5DBA7171-5E83-4774-8B2A-AFD444AEBAF9}.Release|Any CPU.Build.0 = Release|Any CPU
		{B52A80CC-F1F6-41B1-B358-AEE87D508C37}.Debug|Any CPU.ActiveCfg = Debug|Any CPU
		{B52A80CC-F1F6-41B1-B358-AEE87D508C37}.Debug|Any CPU.Build.0 = Debug|Any CPU
		{B52A80CC-F1F6-41B1-B358-AEE87D508C37}.Release|Any CPU.ActiveCfg = Release|Any CPU
		{B52A80CC-F1F6-41B1-B358-AEE87D508C37}.Release|Any CPU.Build.0 = Release|Any CPU
	EndGlobalSection
	GlobalSection(SolutionProperties) = preSolution
		HideSolutionNode = FALSE
	EndGlobalSection
	GlobalSection(ExtensibilityGlobals) = postSolution
		SolutionGuid = {BC463885-5029-4F3D-9BAC-435CDFED9CD5}
	EndGlobalSection
EndGlobal
